// !$*UTF8*$!
{
	archiveVersion = 1;
	classes = {
	};
	objectVersion = 55;
	objects = {

/* Begin PBXBuildFile section */
		8B32BFE527E5F96A00C48E89 /* XCAIconGeneratorApp.swift in Sources */ = {isa = PBXBuildFile; fileRef = 8B32BFE427E5F96A00C48E89 /* XCAIconGeneratorApp.swift */; };
		8B32BFE727E5F96A00C48E89 /* ContentView.swift in Sources */ = {isa = PBXBuildFile; fileRef = 8B32BFE627E5F96A00C48E89 /* ContentView.swift */; };
		8B32BFE927E5F96B00C48E89 /* Assets.xcassets in Resources */ = {isa = PBXBuildFile; fileRef = 8B32BFE827E5F96B00C48E89 /* Assets.xcassets */; };
		8B32BFEC27E5F96B00C48E89 /* Preview Assets.xcassets in Resources */ = {isa = PBXBuildFile; fileRef = 8B32BFEB27E5F96B00C48E89 /* Preview Assets.xcassets */; };
		8B32BFF427E5F9C000C48E89 /* AppIcon.swift in Sources */ = {isa = PBXBuildFile; fileRef = 8B32BFF327E5F9C000C48E89 /* AppIcon.swift */; };
		8B32BFF627E5FA0000C48E89 /* Enums.swift in Sources */ = {isa = PBXBuildFile; fileRef = 8B32BFF527E5FA0000C48E89 /* Enums.swift */; };
		8B32C00227E6025600C48E89 /* IconResizerService.swift in Sources */ = {isa = PBXBuildFile; fileRef = 8B32C00127E6025600C48E89 /* IconResizerService.swift */; };
		8B32C00627E605DB00C48E89 /* FileIconService.swift in Sources */ = {isa = PBXBuildFile; fileRef = 8B32C00527E605DB00C48E89 /* FileIconService.swift */; };
		8B32C00A27E60DA800C48E89 /* IconFileGeneratorService.swift in Sources */ = {isa = PBXBuildFile; fileRef = 8B32C00927E60DA800C48E89 /* IconFileGeneratorService.swift */; };
		8B32C00D27E6103E00C48E89 /* ViewModel.swift in Sources */ = {isa = PBXBuildFile; fileRef = 8B32C00C27E6103E00C48E89 /* ViewModel.swift */; };
		8B32C00F27E613F600C48E89 /* ImagePickerView.swift in Sources */ = {isa = PBXBuildFile; fileRef = 8B32C00E27E613F600C48E89 /* ImagePickerView.swift */; };
/* End PBXBuildFile section */

/* Begin PBXFileReference section */
		8B32BFE127E5F96A00C48E89 /* XCAIconGenerator.app */ = {isa = PBXFileReference; explicitFileType = wrapper.application; includeInIndex = 0; path = XCAIconGenerator.app; sourceTree = BUILT_PRODUCTS_DIR; };
		8B32BFE427E5F96A00C48E89 /* XCAIconGeneratorApp.swift */ = {isa = PBXFileReference; lastKnownFileType = sourcecode.swift; path = XCAIconGeneratorApp.swift; sourceTree = "<group>"; };
		8B32BFE627E5F96A00C48E89 /* ContentView.swift */ = {isa = PBXFileReference; lastKnownFileType = sourcecode.swift; path = ContentView.swift; sourceTree = "<group>"; };
		8B32BFE827E5F96B00C48E89 /* Assets.xcassets */ = {isa = PBXFileReference; lastKnownFileType = folder.assetcatalog; path = Assets.xcassets; sourceTree = "<group>"; };
		8B32BFEB27E5F96B00C48E89 /* Preview Assets.xcassets */ = {isa = PBXFileReference; lastKnownFileType = folder.assetcatalog; path = "Preview Assets.xcassets"; sourceTree = "<group>"; };
		8B32BFF327E5F9C000C48E89 /* AppIcon.swift */ = {isa = PBXFileReference; lastKnownFileType = sourcecode.swift; path = AppIcon.swift; sourceTree = "<group>"; };
		8B32BFF527E5FA0000C48E89 /* Enums.swift */ = {isa = PBXFileReference; lastKnownFileType = sourcecode.swift; path = Enums.swift; sourceTree = "<group>"; };
		8B32C00127E6025600C48E89 /* IconResizerService.swift */ = {isa = PBXFileReference; lastKnownFileType = sourcecode.swift; path = IconResizerService.swift; sourceTree = "<group>"; };
		8B32C00527E605DB00C48E89 /* FileIconService.swift */ = {isa = PBXFileReference; lastKnownFileType = sourcecode.swift; path = FileIconService.swift; sourceTree = "<group>"; };
		8B32C00927E60DA800C48E89 /* IconFileGeneratorService.swift */ = {isa = PBXFileReference; lastKnownFileType = sourcecode.swift; path = IconFileGeneratorService.swift; sourceTree = "<group>"; };
		8B32C00B27E60FF900C48E89 /* XCAIconGenerator.entitlements */ = {isa = PBXFileReference; lastKnownFileType = text.plist.entitlements; path = XCAIconGenerator.entitlements; sourceTree = "<group>"; };
		8B32C00C27E6103E00C48E89 /* ViewModel.swift */ = {isa = PBXFileReference; lastKnownFileType = sourcecode.swift; path = ViewModel.swift; sourceTree = "<group>"; };
		8B32C00E27E613F600C48E89 /* ImagePickerView.swift */ = {isa = PBXFileReference; lastKnownFileType = sourcecode.swift; path = ImagePickerView.swift; sourceTree = "<group>"; };
/* End PBXFileReference section */

/* Begin PBXFrameworksBuildPhase section */
		8B32BFDE27E5F96A00C48E89 /* Frameworks */ = {
			isa = PBXFrameworksBuildPhase;
			buildActionMask = 2147483647;
			files = (
			);
			runOnlyForDeploymentPostprocessing = 0;
		};
/* End PBXFrameworksBuildPhase section */

/* Begin PBXGroup section */
		8B32BFD827E5F96A00C48E89 = {
			isa = PBXGroup;
			children = (
				8B32BFE327E5F96A00C48E89 /* XCAIconGenerator */,
				8B32BFE227E5F96A00C48E89 /* Products */,
			);
			sourceTree = "<group>";
		};
		8B32BFE227E5F96A00C48E89 /* Products */ = {
			isa = PBXGroup;
			children = (
				8B32BFE127E5F96A00C48E89 /* XCAIconGenerator.app */,
			);
			name = Products;
			sourceTree = "<group>";
		};
		8B32BFE327E5F96A00C48E89 /* XCAIconGenerator */ = {
			isa = PBXGroup;
			children = (
				8B32C00B27E60FF900C48E89 /* XCAIconGenerator.entitlements */,
				8B32BFE427E5F96A00C48E89 /* XCAIconGeneratorApp.swift */,
				8B32BFE627E5F96A00C48E89 /* ContentView.swift */,
				8B32C00E27E613F600C48E89 /* ImagePickerView.swift */,
				8B32C00C27E6103E00C48E89 /* ViewModel.swift */,
				8B32C00027E6024000C48E89 /* Services */,
				8B32BFF227E5F9AE00C48E89 /* Models */,
				8B32BFE827E5F96B00C48E89 /* Assets.xcassets */,
				8B32BFEA27E5F96B00C48E89 /* Preview Content */,
			);
			path = XCAIconGenerator;
			sourceTree = "<group>";
		};
		8B32BFEA27E5F96B00C48E89 /* Preview Content */ = {
			isa = PBXGroup;
			children = (
				8B32BFEB27E5F96B00C48E89 /* Preview Assets.xcassets */,
			);
			path = "Preview Content";
			sourceTree = "<group>";
		};
		8B32BFF227E5F9AE00C48E89 /* Models */ = {
			isa = PBXGroup;
			children = (
				8B32BFF327E5F9C000C48E89 /* AppIcon.swift */,
				8B32BFF527E5FA0000C48E89 /* Enums.swift */,
			);
			path = Models;
			sourceTree = "<group>";
		};
		8B32C00027E6024000C48E89 /* Services */ = {
			isa = PBXGroup;
			children = (
				8B32C00127E6025600C48E89 /* IconResizerService.swift */,
				8B32C00527E605DB00C48E89 /* FileIconService.swift */,
				8B32C00927E60DA800C48E89 /* IconFileGeneratorService.swift */,
			);
			path = Services;
			sourceTree = "<group>";
		};
/* End PBXGroup section */

/* Begin PBXNativeTarget section */
		8B32BFE027E5F96A00C48E89 /* XCAIconGenerator */ = {
			isa = PBXNativeTarget;
			buildConfigurationList = 8B32BFEF27E5F96B00C48E89 /* Build configuration list for PBXNativeTarget "XCAIconGenerator" */;
			buildPhases = (
				8B32BFDD27E5F96A00C48E89 /* Sources */,
				8B32BFDE27E5F96A00C48E89 /* Frameworks */,
				8B32BFDF27E5F96A00C48E89 /* Resources */,
			);
			buildRules = (
			);
			dependencies = (
			);
			name = XCAIconGenerator;
			productName = XCAIconGenerator;
			productReference = 8B32BFE127E5F96A00C48E89 /* XCAIconGenerator.app */;
			productType = "com.apple.product-type.application";
		};
/* End PBXNativeTarget section */

/* Begin PBXProject section */
		8B32BFD927E5F96A00C48E89 /* Project object */ = {
			isa = PBXProject;
			attributes = {
				BuildIndependentTargetsInParallel = 1;
				LastSwiftUpdateCheck = 1330;
				LastUpgradeCheck = 1330;
				TargetAttributes = {
					8B32BFE027E5F96A00C48E89 = {
						CreatedOnToolsVersion = 13.3;
					};
				};
			};
			buildConfigurationList = 8B32BFDC27E5F96A00C48E89 /* Build configuration list for PBXProject "XCAIconGenerator" */;
			compatibilityVersion = "Xcode 13.0";
			developmentRegion = en;
			hasScannedForEncodings = 0;
			knownRegions = (
				en,
				Base,
			);
			mainGroup = 8B32BFD827E5F96A00C48E89;
			productRefGroup = 8B32BFE227E5F96A00C48E89 /* Products */;
			projectDirPath = "";
			projectRoot = "";
			targets = (
				8B32BFE027E5F96A00C48E89 /* XCAIconGenerator */,
			);
		};
/* End PBXProject section */

/* Begin PBXResourcesBuildPhase section */
		8B32BFDF27E5F96A00C48E89 /* Resources */ = {
			isa = PBXResourcesBuildPhase;
			buildActionMask = 2147483647;
			files = (
				8B32BFEC27E5F96B00C48E89 /* Preview Assets.xcassets in Resources */,
				8B32BFE927E5F96B00C48E89 /* Assets.xcassets in Resources */,
			);
			runOnlyForDeploymentPostprocessing = 0;
		};
/* End PBXResourcesBuildPhase section */

/* Begin PBXSourcesBuildPhase section */
		8B32BFDD27E5F96A00C48E89 /* Sources */ = {
			isa = PBXSourcesBuildPhase;
			buildActionMask = 2147483647;
			files = (
				8B32C00627E605DB00C48E89 /* FileIconService.swift in Sources */,
				8B32C00227E6025600C48E89 /* IconResizerService.swift in Sources */,
				8B32BFE727E5F96A00C48E89 /* ContentView.swift in Sources */,
				8B32BFE527E5F96A00C48E89 /* XCAIconGeneratorApp.swift in Sources */,
				8B32C00F27E613F600C48E89 /* ImagePickerView.swift in Sources */,
				8B32BFF627E5FA0000C48E89 /* Enums.swift in Sources */,
				8B32BFF427E5F9C000C48E89 /* AppIcon.swift in Sources */,
				8B32C00D27E6103E00C48E89 /* ViewModel.swift in Sources */,
				8B32C00A27E60DA800C48E89 /* IconFileGeneratorService.swift in Sources */,
			);
			runOnlyForDeploymentPostprocessing = 0;
		};
/* End PBXSourcesBuildPhase section */

/* Begin XCBuildConfiguration section */
		8B32BFED27E5F96B00C48E89 /* Debug */ = {
			isa = XCBuildConfiguration;
			buildSettings = {
				ALWAYS_SEARCH_USER_PATHS = NO;
				CLANG_ANALYZER_NONNULL = YES;
				CLANG_ANALYZER_NUMBER_OBJECT_CONVERSION = YES_AGGRESSIVE;
				CLANG_CXX_LANGUAGE_STANDARD = "gnu++17";
				CLANG_ENABLE_MODULES = YES;
				CLANG_ENABLE_OBJC_ARC = YES;
				CLANG_ENABLE_OBJC_WEAK = YES;
				CLANG_WARN_BLOCK_CAPTURE_AUTORELEASING = YES;
				CLANG_WARN_BOOL_CONVERSION = YES;
				CLANG_WARN_COMMA = YES;
				CLANG_WARN_CONSTANT_CONVERSION = YES;
				CLANG_WARN_DEPRECATED_OBJC_IMPLEMENTATIONS = YES;
				CLANG_WARN_DIRECT_OBJC_ISA_USAGE = YES_ERROR;
				CLANG_WARN_DOCUMENTATION_COMMENTS = YES;
				CLANG_WARN_EMPTY_BODY = YES;
				CLANG_WARN_ENUM_CONVERSION = YES;
				CLANG_WARN_INFINITE_RECURSION = YES;
				CLANG_WARN_INT_CONVERSION = YES;
				CLANG_WARN_NON_LITERAL_NULL_CONVERSION = YES;
				CLANG_WARN_OBJC_IMPLICIT_RETAIN_SELF = YES;
				CLANG_WARN_OBJC_LITERAL_CONVERSION = YES;
				CLANG_WARN_OBJC_ROOT_CLASS = YES_ERROR;
				CLANG_WARN_QUOTED_INCLUDE_IN_FRAMEWORK_HEADER = YES;
				CLANG_WARN_RANGE_LOOP_ANALYSIS = YES;
				CLANG_WARN_STRICT_PROTOTYPES = YES;
				CLANG_WARN_SUSPICIOUS_MOVE = YES;
				CLANG_WARN_UNGUARDED_AVAILABILITY = YES_AGGRESSIVE;
				CLANG_WARN_UNREACHABLE_CODE = YES;
				CLANG_WARN__DUPLICATE_METHOD_MATCH = YES;
				COPY_PHASE_STRIP = NO;
				DEBUG_INFORMATION_FORMAT = dwarf;
				ENABLE_STRICT_OBJC_MSGSEND = YES;
				ENABLE_TESTABILITY = YES;
				GCC_C_LANGUAGE_STANDARD = gnu11;
				GCC_DYNAMIC_NO_PIC = NO;
				GCC_NO_COMMON_BLOCKS = YES;
				GCC_OPTIMIZATION_LEVEL = 0;
				GCC_PREPROCESSOR_DEFINITIONS = (
					"DEBUG=1",
					"$(inherited)",
				);
				GCC_WARN_64_TO_32_BIT_CONVERSION = YES;
				GCC_WARN_ABOUT_RETURN_TYPE = YES_ERROR;
				GCC_WARN_UNDECLARED_SELECTOR = YES;
				GCC_WARN_UNINITIALIZED_AUTOS = YES_AGGRESSIVE;
				GCC_WARN_UNUSED_FUNCTION = YES;
				GCC_WARN_UNUSED_VARIABLE = YES;
				IPHONEOS_DEPLOYMENT_TARGET = 15.0;
				MTL_ENABLE_DEBUG_INFO = INCLUDE_SOURCE;
				MTL_FAST_MATH = YES;
				ONLY_ACTIVE_ARCH = YES;
				SDKROOT = iphoneos;
				SWIFT_ACTIVE_COMPILATION_CONDITIONS = DEBUG;
				SWIFT_OPTIMIZATION_LEVEL = "-Onone";
			};
			name = Debug;
		};
		8B32BFEE27E5F96B00C48E89 /* Release */ = {
			isa = XCBuildConfiguration;
			buildSettings = {
				ALWAYS_SEARCH_USER_PATHS = NO;
				CLANG_ANALYZER_NONNULL = YES;
				CLANG_ANALYZER_NUMBER_OBJECT_CONVERSION = YES_AGGRESSIVE;
				CLANG_CXX_LANGUAGE_STANDARD = "gnu++17";
				CLANG_ENABLE_MODULES = YES;
				CLANG_ENABLE_OBJC_ARC = YES;
				CLANG_ENABLE_OBJC_WEAK = YES;
				CLANG_WARN_BLOCK_CAPTURE_AUTORELEASING = YES;
				CLANG_WARN_BOOL_CONVERSION = YES;
				CLANG_WARN_COMMA = YES;
				CLANG_WARN_CONSTANT_CONVERSION = YES;
				CLANG_WARN_DEPRECATED_OBJC_IMPLEMENTATIONS = YES;
				CLANG_WARN_DIRECT_OBJC_ISA_USAGE = YES_ERROR;
				CLANG_WARN_DOCUMENTATION_COMMENTS = YES;
				CLANG_WARN_EMPTY_BODY = YES;
				CLANG_WARN_ENUM_CONVERSION = YES;
				CLANG_WARN_INFINITE_RECURSION = YES;
				CLANG_WARN_INT_CONVERSION = YES;
				CLANG_WARN_NON_LITERAL_NULL_CONVERSION = YES;
				CLANG_WARN_OBJC_IMPLICIT_RETAIN_SELF = YES;
				CLANG_WARN_OBJC_LITERAL_CONVERSION = YES;
				CLANG_WARN_OBJC_ROOT_CLASS = YES_ERROR;
				CLANG_WARN_QUOTED_INCLUDE_IN_FRAMEWORK_HEADER = YES;
				CLANG_WARN_RANGE_LOOP_ANALYSIS = YES;
				CLANG_WARN_STRICT_PROTOTYPES = YES;
				CLANG_WARN_SUSPICIOUS_MOVE = YES;
				CLANG_WARN_UNGUARDED_AVAILABILITY = YES_AGGRESSIVE;
				CLANG_WARN_UNREACHABLE_CODE = YES;
				CLANG_WARN__DUPLICATE_METHOD_MATCH = YES;
				COPY_PHASE_STRIP = NO;
				DEBUG_INFORMATION_FORMAT = "dwarf-with-dsym";
				ENABLE_NS_ASSERTIONS = NO;
				ENABLE_STRICT_OBJC_MSGSEND = YES;
				GCC_C_LANGUAGE_STANDARD = gnu11;
				GCC_NO_COMMON_BLOCKS = YES;
				GCC_WARN_64_TO_32_BIT_CONVERSION = YES;
				GCC_WARN_ABOUT_RETURN_TYPE = YES_ERROR;
				GCC_WARN_UNDECLARED_SELECTOR = YES;
				GCC_WARN_UNINITIALIZED_AUTOS = YES_AGGRESSIVE;
				GCC_WARN_UNUSED_FUNCTION = YES;
				GCC_WARN_UNUSED_VARIABLE = YES;
				IPHONEOS_DEPLOYMENT_TARGET = 15.0;
				MTL_ENABLE_DEBUG_INFO = NO;
				MTL_FAST_MATH = YES;
				SDKROOT = iphoneos;
				SWIFT_COMPILATION_MODE = wholemodule;
				SWIFT_OPTIMIZATION_LEVEL = "-O";
				VALIDATE_PRODUCT = YES;
			};
			name = Release;
		};
		8B32BFF027E5F96B00C48E89 /* Debug */ = {
			isa = XCBuildConfiguration;
			buildSettings = {
				ASSETCATALOG_COMPILER_APPICON_NAME = AppIcon;
				ASSETCATALOG_COMPILER_GLOBAL_ACCENT_COLOR_NAME = AccentColor;
				CODE_SIGN_ENTITLEMENTS = XCAIconGenerator/XCAIconGenerator.entitlements;
				CODE_SIGN_STYLE = Automatic;
				CURRENT_PROJECT_VERSION = 1;
				DEVELOPMENT_ASSET_PATHS = "\"XCAIconGenerator/Preview Content\"";
				DEVELOPMENT_TEAM = 5C2XD9H2JS;
				ENABLE_PREVIEWS = YES;
				GENERATE_INFOPLIST_FILE = YES;
				INFOPLIST_KEY_NSPhotoLibraryUsageDescription = "Access to image icon";
				INFOPLIST_KEY_UIApplicationSceneManifest_Generation = YES;
				INFOPLIST_KEY_UIApplicationSupportsIndirectInputEvents = YES;
				INFOPLIST_KEY_UILaunchScreen_Generation = YES;
				INFOPLIST_KEY_UISupportedInterfaceOrientations_iPad = "UIInterfaceOrientationPortrait UIInterfaceOrientationPortraitUpsideDown UIInterfaceOrientationLandscapeLeft UIInterfaceOrientationLandscapeRight";
				INFOPLIST_KEY_UISupportedInterfaceOrientations_iPhone = "UIInterfaceOrientationPortrait UIInterfaceOrientationLandscapeLeft UIInterfaceOrientationLandscapeRight";
				LD_RUNPATH_SEARCH_PATHS = (
					"$(inherited)",
					"@executable_path/Frameworks",
				);
				MARKETING_VERSION = 1.0;
				PRODUCT_BUNDLE_IDENTIFIER = com.alfianlosari.XCAIconGenerator;
				PRODUCT_NAME = "$(TARGET_NAME)";
				SUPPORTS_MACCATALYST = YES;
				SWIFT_EMIT_LOC_STRINGS = YES;
				SWIFT_VERSION = 5.0;
				TARGETED_DEVICE_FAMILY = "1,2";
			};
			name = Debug;
		};
		8B32BFF127E5F96B00C48E89 /* Release */ = {
			isa = XCBuildConfiguration;
			buildSettings = {
				ASSETCATALOG_COMPILER_APPICON_NAME = AppIcon;
				ASSETCATALOG_COMPILER_GLOBAL_ACCENT_COLOR_NAME = AccentColor;
				CODE_SIGN_ENTITLEMENTS = XCAIconGenerator/XCAIconGenerator.entitlements;
				CODE_SIGN_STYLE = Automatic;
				CURRENT_PROJECT_VERSION = 1;
				DEVELOPMENT_ASSET_PATHS = "\"XCAIconGenerator/Preview Content\"";
				DEVELOPMENT_TEAM = 5C2XD9H2JS;
				ENABLE_PREVIEWS = YES;
				GENERATE_INFOPLIST_FILE = YES;
				INFOPLIST_KEY_NSPhotoLibraryUsageDescription = "Access to image icon";
				INFOPLIST_KEY_UIApplicationSceneManifest_Generation = YES;
				INFOPLIST_KEY_UIApplicationSupportsIndirectInputEvents = YES;
				INFOPLIST_KEY_UILaunchScreen_Generation = YES;
				INFOPLIST_KEY_UISupportedInterfaceOrientations_iPad = "UIInterfaceOrientationPortrait UIInterfaceOrientationPortraitUpsideDown UIInterfaceOrientationLandscapeLeft UIInterfaceOrientationLandscapeRight";
				INFOPLIST_KEY_UISupportedInterfaceOrientations_iPhone = "UIInterfaceOrientationPortrait UIInterfaceOrientationLandscapeLeft UIInterfaceOrientationLandscapeRight";
				LD_RUNPATH_SEARCH_PATHS = (
					"$(inherited)",
					"@executable_path/Frameworks",
				);
				MARKETING_VERSION = 1.0;
				PRODUCT_BUNDLE_IDENTIFIER = com.alfianlosari.XCAIconGenerator;
				PRODUCT_NAME = "$(TARGET_NAME)";
				SUPPORTS_MACCATALYST = YES;
				SWIFT_EMIT_LOC_STRINGS = YES;
				SWIFT_VERSION = 5.0;
				TARGETED_DEVICE_FAMILY = "1,2";
			};
			name = Release;
		};
/* End XCBuildConfiguration section */

/* Begin XCConfigurationList section */
		8B32BFDC27E5F96A00C48E89 /* Build configuration list for PBXProject "XCAIconGenerator" */ = {
			isa = XCConfigurationList;
			buildConfigurations = (
				8B32BFED27E5F96B00C48E89 /* Debug */,
				8B32BFEE27E5F96B00C48E89 /* Release */,
			);
			defaultConfigurationIsVisible = 0;
			defaultConfigurationName = Release;
		};
		8B32BFEF27E5F96B00C48E89 /* Build configuration list for PBXNativeTarget "XCAIconGenerator" */ = {
			isa = XCConfigurationList;
			buildConfigurations = (
				8B32BFF027E5F96B00C48E89 /* Debug */,
				8B32BFF127E5F96B00C48E89 /* Release */,
			);
			defaultConfigurationIsVisible = 0;
			defaultConfigurationName = Release;
		};
/* End XCConfigurationList section */
	};
	rootObject = 8B32BFD927E5F96A00C48E89 /* Project object */;
}
